{
  "name": "@husklet/extensions",
  "lockfileVersion": 3,
  "requires": true,
  "packages": {
    "": {
      "name": "@husklet/extensions",
      "workspaces": [
        "client",
        "react",
        "storybook",
        "workspace-manager"
      ],
      "engines": {
        "node": ">=20"
      }
    },
    "client": {
      "name": "@husklet/client",
      "version": "0.1.0",
      "license": "MIT",
      "engines": {
        "node": ">=20"
      }
    },
    "node_modules/@husklet/client": {
      "resolved": "client",
      "link": true
    },
    "node_modules/@husklet/react": {
      "resolved": "react",
      "link": true
    },
    "node_modules/@husklet/storybook": {
      "resolved": "storybook",
      "link": true
    },
    "node_modules/@husklet/workspace-manager": {
      "resolved": "workspace-manager",
      "link": true
    },
    "node_modules/js-tokens": {
      "version": "4.0.0",
      "license": "MIT"
    },
    "node_modules/loose-envify": {
      "version": "1.4.0",
      "license": "MIT",
      "dependencies": {
        "js-tokens": "^3.0.0 || ^4.0.0"
      },
      "bin": {
        "loose-envify": "cli.js"
      }
    },
    "node_modules/react": {
      "version": "18.3.1",
      "license": "MIT",
      "dependencies": {
        "loose-envify": "^1.1.0"
      },
      "engines": {
        "node": ">=0.10.0"
      }
    },
    "node_modules/react-reconciler": {
      "version": "0.29.2",
      "license": "MIT",
      "dependencies": {
        "loose-envify": "^1.1.0",
        "scheduler": "^0.23.2"
      },
      "engines": {
        "node": ">=0.10.0"
      },
      "peerDependencies": {
        "react": "^18.3.1"
      }
    },
    "node_modules/scheduler": {
      "version": "0.23.2",
      "license": "MIT",
      "dependencies": {
        "loose-envify": "^1.1.0"
      }
    },
    "node_modules/typescript": {
      "version": "5.9.2",
      "dev": true,
      "license": "Apache-2.0",
      "bin": {
        "tsc": "bin/tsc",
        "tsserver": "bin/tsserver"
      },
      "engines": {
        "node": ">=14.17"
      }
    },
    "react": {
      "name": "@husklet/react",
      "version": "0.1.0",
      "license": "MIT",
      "dependencies": {
        "@husklet/client": "0.1.0",
        "react-reconciler": "^0.29.2"
      },
      "devDependencies": {
        "react": "^18.3.1",
        "typescript": "^5.9.2"
      },
      "engines": {
        "node": ">=20"
      },
      "peerDependencies": {
        "react": "^18.3.1"
      }
    },
    "storybook": {
      "name": "@husklet/storybook",
      "version": "0.1.0",
      "license": "MIT",
      "dependencies": {
        "@husklet/react": "file:../react",
        "react": "^18.3.1"
      },
      "engines": {
        "node": ">=20"
      }
    },
    "workspace-manager": {
      "name": "@husklet/workspace-manager",
      "version": "0.1.0",
      "license": "MIT",
      "dependencies": {
        "@husklet/react": "file:../react",
        "react": "^18.3.1"
      },
      "engines": {
        "node": ">=20"
      }
    }
  }
}
